
Microsoft Visual Studio Solution File, Format Version 12.00
# Visual Studio Version 16
VisualStudioVersion = 16.0.32106.194
MinimumVisualStudioVersion = 10.0.40219.1
Project("{FAE04EC0-301F-11D3-BF4B-00C04F79EFBC}") = "eLab", "eLab\eLab.csproj", "{DA6DE8AD-8271-44DF-8D1C-192EC096E42E}"
EndProject
Global
	GlobalSection(SolutionConfigurationPlatforms) = preSolution
		Debug|Any CPU = Debug|Any CPU
		Release|Any CPU = Release|Any CPU
	EndGlobalSection
	GlobalSection(ProjectConfigurationPlatforms) = postSolution
		{DA6DE8AD-8271-44DF-8D1C-192EC096E42E}.Debug|Any CPU.ActiveCfg = Debug|Any CPU
		{DA6DE8AD-8271-44DF-8D1C-192EC096E42E}.Debug|Any CPU.Build.0 = Debug|Any CPU
		{DA6DE8AD-8271-44DF-8D1C-192EC096E42E}.Release|Any CPU.ActiveCfg = Release|Any CPU
		{DA6DE8AD-8271-44DF-8D1C-192EC096E42E}.Release|Any CPU.Build.0 = Release|Any CPU
	EndGlobalSection
	GlobalSection(SolutionProperties) = preSolution
		HideSolutionNode = FALSE
	EndGlobalSection
	GlobalSection(ExtensibilityGlobals) = postSolution
		SolutionGuid = {D22B6FEE-EBD1-4EC1-B39F-68AEDC846705}
	EndGlobalSection
EndGlobal
